
Microsoft Visual Studio Solution File, Format Version 12.00
# Visual Studio 15
VisualStudioVersion = 15.0.26730.12
MinimumVisualStudioVersion = 10.0.40219.1
Project("{8BC9CEB8-8B4A-11D0-8D11-00A0C91BC942}") = "SelfOrganizingMap", "SelfOrganizingMap\SelfOrganizingMap.vcxproj", "{E2E09D81-2B23-4B29-93B9-64BFA9E4A233}"
EndProject
Project("{8BC9CEB8-8B4A-11D0-8D11-00A0C91BC942}") = "SelfOrganizinMap.Infrastructure", "SelfOrganizinMap.Infrastructure\SelfOrganizinMap.Infrastructure.vcxproj", "{76280732-6C96-4A47-99E7-379416AEA9C9}"
EndProject
Project("{8BC9CEB8-8B4A-11D0-8D11-00A0C91BC942}") = "SelfOrganizingMap.Start", "SelfOrganizingMap.Start\SelfOrganizingMap.Start.vcxproj", "{E105F943-1EA6-440F-AF7A-65D2F72219D6}"
EndProject
Project("{8BC9CEB8-8B4A-11D0-8D11-00A0C91BC942}") = "SelfOrganizingMap.Tests", "SelfOrganizingMap.Tests\SelfOrganizingMap.Tests.vcxproj", "{25933CAB-098B-4DD4-A293-9FBF84E002F0}"
EndProject
Global
	GlobalSection(SolutionConfigurationPlatforms) = preSolution
		Debug|x64 = Debug|x64
		Debug|x86 = Debug|x86
		Release|x64 = Release|x64
		Release|x86 = Release|x86
	EndGlobalSection
	GlobalSection(ProjectConfigurationPlatforms) = postSolution
		{E2E09D81-2B23-4B29-93B9-64BFA9E4A233}.Debug|x64.ActiveCfg = Debug|x64
		{E2E09D81-2B23-4B29-93B9-64BFA9E4A233}.Debug|x64.Build.0 = Debug|x64
		{E2E09D81-2B23-4B29-93B9-64BFA9E4A233}.Debug|x86.ActiveCfg = Debug|Win32
		{E2E09D81-2B23-4B29-93B9-64BFA9E4A233}.Debug|x86.Build.0 = Debug|Win32
		{E2E09D81-2B23-4B29-93B9-64BFA9E4A233}.Release|x64.ActiveCfg = Release|x64
		{E2E09D81-2B23-4B29-93B9-64BFA9E4A233}.Release|x64.Build.0 = Release|x64
		{E2E09D81-2B23-4B29-93B9-64BFA9E4A233}.Release|x86.ActiveCfg = Release|Win32
		{E2E09D81-2B23-4B29-93B9-64BFA9E4A233}.Release|x86.Build.0 = Release|Win32
		{76280732-6C96-4A47-99E7-379416AEA9C9}.Debug|x64.ActiveCfg = Debug|x64
		{76280732-6C96-4A47-99E7-379416AEA9C9}.Debug|x64.Build.0 = Debug|x64
		{76280732-6C96-4A47-99E7-379416AEA9C9}.Debug|x86.ActiveCfg = Debug|Win32
		{76280732-6C96-4A47-99E7-379416AEA9C9}.Debug|x86.Build.0 = Debug|Win32
		{76280732-6C96-4A47-99E7-379416AEA9C9}.Release|x64.ActiveCfg = Release|x64
		{76280732-6C96-4A47-99E7-379416AEA9C9}.Release|x64.Build.0 = Release|x64
		{76280732-6C96-4A47-99E7-379416AEA9C9}.Release|x86.ActiveCfg = Release|Win32
		{76280732-6C96-4A47-99E7-379416AEA9C9}.Release|x86.Build.0 = Release|Win32
		{E105F943-1EA6-440F-AF7A-65D2F72219D6}.Debug|x64.ActiveCfg = Debug|x64
		{E105F943-1EA6-440F-AF7A-65D2F72219D6}.Debug|x64.Build.0 = Debug|x64
		{E105F943-1EA6-440F-AF7A-65D2F72219D6}.Debug|x86.ActiveCfg = Debug|Win32
		{E105F943-1EA6-440F-AF7A-65D2F72219D6}.Debug|x86.Build.0 = Debug|Win32
		{E105F943-1EA6-440F-AF7A-65D2F72219D6}.Release|x64.ActiveCfg = Release|x64
		{E105F943-1EA6-440F-AF7A-65D2F72219D6}.Release|x64.Build.0 = Release|x64
		{E105F943-1EA6-440F-AF7A-65D2F72219D6}.Release|x86.ActiveCfg = Release|Win32
		{E105F943-1EA6-440F-AF7A-65D2F72219D6}.Release|x86.Build.0 = Release|Win32
		{25933CAB-098B-4DD4-A293-9FBF84E002F0}.Debug|x64.ActiveCfg = Debug|x64
		{25933CAB-098B-4DD4-A293-9FBF84E002F0}.Debug|x64.Build.0 = Debug|x64
		{25933CAB-098B-4DD4-A293-9FBF84E002F0}.Debug|x86.ActiveCfg = Debug|Win32
		{25933CAB-098B-4DD4-A293-9FBF84E002F0}.Debug|x86.Build.0 = Debug|Win32
		{25933CAB-098B-4DD4-A293-9FBF84E002F0}.Release|x64.ActiveCfg = Release|x64
		{25933CAB-098B-4DD4-A293-9FBF84E002F0}.Release|x64.Build.0 = Release|x64
		{25933CAB-098B-4DD4-A293-9FBF84E002F0}.Release|x86.ActiveCfg = Release|Win32
		{25933CAB-098B-4DD4-A293-9FBF84E002F0}.Release|x86.Build.0 = Release|Win32
	EndGlobalSection
	GlobalSection(SolutionProperties) = preSolution
		HideSolutionNode = FALSE
	EndGlobalSection
	GlobalSection(ExtensibilityGlobals) = postSolution
		SolutionGuid = {65B42EEB-C82B-4DD0-9F80-38D05EDDADB1}
	EndGlobalSection
EndGlobal
