
Microsoft Visual Studio Solution File, Format Version 12.00
# Visual Studio 15
VisualStudioVersion = 15.0.26730.12
MinimumVisualStudioVersion = 10.0.40219.1
Project("{8BC9CEB8-8B4A-11D0-8D11-00A0C91BC942}") = "SelfOrganizingMap", "SelfOrganizingMap\SelfOrganizingMap.vcxproj", "{E2E09D81-2B23-4B29-93B9-64BFA9E4A233}"
EndProject
Project("{8BC9CEB8-8B4A-11D0-8D11-00A0C91BC942}") = "SelfOrganizinMap.Infrastructure", "SelfOrganizinMap.Infrastructure\SelfOrganizinMap.Infrastructure.vcxproj", "{76280732-6C96-4A47-99E7-379416AEA9C9}"
EndProject
Project("{8BC9CEB8-8B4A-11D0-8D11-00A0C91BC942}") = "SelfOrganizingMap.Test", "SelfOrganizingMap.Test\SelfOrganizingMap.Test.vcxproj", "{3969DE57-D745-46DD-8FD1-C0A26978F875}"
EndProject
Global
	GlobalSection(SolutionConfigurationPlatforms) = preSolution
		Debug|x64 = Debug|x64
		Debug|x86 = Debug|x86
		Release|x64 = Release|x64
		Release|x86 = Release|x86
	EndGlobalSection
	GlobalSection(ProjectConfigurationPlatforms) = postSolution
		{E2E09D81-2B23-4B29-93B9-64BFA9E4A233}.Debug|x64.ActiveCfg = Debug|x64
		{E2E09D81-2B23-4B29-93B9-64BFA9E4A233}.Debug|x64.Build.0 = Debug|x64
		{E2E09D81-2B23-4B29-93B9-64BFA9E4A233}.Debug|x86.ActiveCfg = Debug|Win32
		{E2E09D81-2B23-4B29-93B9-64BFA9E4A233}.Debug|x86.Build.0 = Debug|Win32
		{E2E09D81-2B23-4B29-93B9-64BFA9E4A233}.Release|x64.ActiveCfg = Release|x64
		{E2E09D81-2B23-4B29-93B9-64BFA9E4A233}.Release|x64.Build.0 = Release|x64
		{E2E09D81-2B23-4B29-93B9-64BFA9E4A233}.Release|x86.ActiveCfg = Release|Win32
		{E2E09D81-2B23-4B29-93B9-64BFA9E4A233}.Release|x86.Build.0 = Release|Win32
		{76280732-6C96-4A47-99E7-379416AEA9C9}.Debug|x64.ActiveCfg = Debug|x64
		{76280732-6C96-4A47-99E7-379416AEA9C9}.Debug|x64.Build.0 = Debug|x64
		{76280732-6C96-4A47-99E7-379416AEA9C9}.Debug|x86.ActiveCfg = Debug|Win32
		{76280732-6C96-4A47-99E7-379416AEA9C9}.Debug|x86.Build.0 = Debug|Win32
		{76280732-6C96-4A47-99E7-379416AEA9C9}.Release|x64.ActiveCfg = Release|x64
		{76280732-6C96-4A47-99E7-379416AEA9C9}.Release|x64.Build.0 = Release|x64
		{76280732-6C96-4A47-99E7-379416AEA9C9}.Release|x86.ActiveCfg = Release|Win32
		{76280732-6C96-4A47-99E7-379416AEA9C9}.Release|x86.Build.0 = Release|Win32
		{3969DE57-D745-46DD-8FD1-C0A26978F875}.Debug|x64.ActiveCfg = Debug|x64
		{3969DE57-D745-46DD-8FD1-C0A26978F875}.Debug|x64.Build.0 = Debug|x64
		{3969DE57-D745-46DD-8FD1-C0A26978F875}.Debug|x86.ActiveCfg = Debug|Win32
		{3969DE57-D745-46DD-8FD1-C0A26978F875}.Debug|x86.Build.0 = Debug|Win32
		{3969DE57-D745-46DD-8FD1-C0A26978F875}.Release|x64.ActiveCfg = Release|x64
		{3969DE57-D745-46DD-8FD1-C0A26978F875}.Release|x64.Build.0 = Release|x64
		{3969DE57-D745-46DD-8FD1-C0A26978F875}.Release|x86.ActiveCfg = Release|Win32
		{3969DE57-D745-46DD-8FD1-C0A26978F875}.Release|x86.Build.0 = Release|Win32
	EndGlobalSection
	GlobalSection(SolutionProperties) = preSolution
		HideSolutionNode = FALSE
	EndGlobalSection
	GlobalSection(ExtensibilityGlobals) = postSolution
		SolutionGuid = {65B42EEB-C82B-4DD0-9F80-38D05EDDADB1}
	EndGlobalSection
EndGlobal
